PODS:
  - DKAudioPlayer (1.1.2)
  - ImagePicker (2.0.0)
  - IQAudioRecorderController (1.2.0):
    - SCSiriWaveformView
  - Realm (2.1.1):
    - Realm/Headers (= 2.1.1)
  - Realm/Headers (2.1.1)
  - RealmSwift (2.1.1):
    - Realm (= 2.1.1)
  - RSKImageCropper (1.5.2)
  - SCSiriWaveformView (1.0.3)
  - SnapKit (3.0.2)
  - SwiftDate (4.0.8)
  - WYPopoverController (0.2.2)

DEPENDENCIES:
  - DKAudioPlayer
  - ImagePicker
  - IQAudioRecorderController
  - RealmSwift
  - RSKImageCropper
  - SnapKit
  - SwiftDate (~> 4.0)
  - WYPopoverController (~> 0.2.2)

SPEC CHECKSUMS:
  DKAudioPlayer: 93f80ab2fa43ee8340b6949bb9265c79e4691406
  ImagePicker: 81175d36c2852cb543cb4f5d6c19e28f3e8d90eb
  IQAudioRecorderController: 1d46d99330cb2c9381568665d123cf435460a43e
  Realm: a55959c0b171a5fe5267406d17f314fec3cefaae
  RealmSwift: 749fd955bf8d6471c21d218b9389a47aaeccfe3f
  RSKImageCropper: 27d0e7efa800b509720163c3561fe08a04853780
  SCSiriWaveformView: b8b2756af42addcd31900c3945f24edafefb5395
  SnapKit: 2e456761aa92d4d4067a7a5594c18769d451a8ad
  SwiftDate: 9aa3259d8850d818bec02802f8f05aa9a8c26fdb
  WYPopoverController: 00d879c25bddd1fd873dcc21aa98c8308d7f1555

PODFILE CHECKSUM: fba5c84275dc569b3dd62d5a40baa77776766325

COCOAPODS: 1.1.1
