PODS:
  - SnapKit (3.0.2)
  - SwiftDate (4.0.7)
  - WYPopoverController (0.2.2)

DEPENDENCIES:
  - SnapKit
  - SwiftDate (~> 4.0)
  - WYPopoverController (~> 0.2.2)

SPEC CHECKSUMS:
  SnapKit: 2e456761aa92d4d4067a7a5594c18769d451a8ad
  SwiftDate: 0efb04a6751b1ab804049b2b09a69848cd304c12
  WYPopoverController: 00d879c25bddd1fd873dcc21aa98c8308d7f1555

PODFILE CHECKSUM: f3db03756ea7e3d33a13449147795004119b40bc

COCOAPODS: 1.1.1
