// !$*UTF8*$!
{
	archiveVersion = 1;
	classes = {
	};
	objectVersion = 46;
	objects = {

/* Begin PBXBuildFile section */
		2A0AA919F2718B633A4696B7 /* Pods_MultiMediaNotes_MultiMediaNotesTests.framework in Frameworks */ = {isa = PBXBuildFile; fileRef = 442F12F8F94157F56DF043A2 /* Pods_MultiMediaNotes_MultiMediaNotesTests.framework */; };
		3EB2A9F559B47F225585935C /* Pods_MultiMediaNotes_MultiMediaNotesUITests.framework in Frameworks */ = {isa = PBXBuildFile; fileRef = 2D3F95FC704F7248EFA23638 /* Pods_MultiMediaNotes_MultiMediaNotesUITests.framework */; };
		4502123F9A1A5346FE099516 /* Pods_MultiMediaNotes.framework in Frameworks */ = {isa = PBXBuildFile; fileRef = 96F42B4A627757C5BD3E5518 /* Pods_MultiMediaNotes.framework */; };
		8963DC3DABC6AF6DE95D9A67 /* Pods_MultiMediaNotesUITests.framework in Frameworks */ = {isa = PBXBuildFile; fileRef = FB547D36C32DCF7AFFDBC3BF /* Pods_MultiMediaNotesUITests.framework */; };
		A4BD377ABA9363992049925E /* Pods_MultiMediaNotesTests.framework in Frameworks */ = {isa = PBXBuildFile; fileRef = E417D5C6BBA9B358B469C216 /* Pods_MultiMediaNotesTests.framework */; };
		EB5F8AD51DC6A90C00983E01 /* UIImageExtractExt.swift in Sources */ = {isa = PBXBuildFile; fileRef = EB5F8AD41DC6A90C00983E01 /* UIImageExtractExt.swift */; };
		EB5F8AD71DC6A92D00983E01 /* UIViewFrameExt.swift in Sources */ = {isa = PBXBuildFile; fileRef = EB5F8AD61DC6A92D00983E01 /* UIViewFrameExt.swift */; };
		EB5F8AD91DC6A9A000983E01 /* ToolBar.swift in Sources */ = {isa = PBXBuildFile; fileRef = EB5F8AD81DC6A9A000983E01 /* ToolBar.swift */; };
		EB5F8ADB1DC6A9BF00983E01 /* Session.swift in Sources */ = {isa = PBXBuildFile; fileRef = EB5F8ADA1DC6A9BF00983E01 /* Session.swift */; };
		EB5F8ADD1DC6A9D900983E01 /* Palette.swift in Sources */ = {isa = PBXBuildFile; fileRef = EB5F8ADC1DC6A9D900983E01 /* Palette.swift */; };
		EB5F8ADF1DC6A9EF00983E01 /* Drawing.swift in Sources */ = {isa = PBXBuildFile; fileRef = EB5F8ADE1DC6A9EF00983E01 /* Drawing.swift */; };
		EB5F8AE11DC6AA0500983E01 /* CircleButton.swift in Sources */ = {isa = PBXBuildFile; fileRef = EB5F8AE01DC6AA0500983E01 /* CircleButton.swift */; };
		EB5F8AE31DC6AA1B00983E01 /* Canvas.swift in Sources */ = {isa = PBXBuildFile; fileRef = EB5F8AE21DC6AA1B00983E01 /* Canvas.swift */; };
		EB5F8AE51DC6AA2C00983E01 /* Brush.swift in Sources */ = {isa = PBXBuildFile; fileRef = EB5F8AE41DC6AA2C00983E01 /* Brush.swift */; };
		EB5F8AE81DC6AAC700983E01 /* NXDrawViewCell.swift in Sources */ = {isa = PBXBuildFile; fileRef = EB5F8AE61DC6AAC700983E01 /* NXDrawViewCell.swift */; };
		EB5F8AE91DC6AAC700983E01 /* NXDrawViewCell.xib in Resources */ = {isa = PBXBuildFile; fileRef = EB5F8AE71DC6AAC700983E01 /* NXDrawViewCell.xib */; };
		EB68271B1DBD936B000E6541 /* Note.swift in Sources */ = {isa = PBXBuildFile; fileRef = EB68271A1DBD936B000E6541 /* Note.swift */; };
		EBDF89531DBD71480022EDC5 /* SnapKit.framework in Frameworks */ = {isa = PBXBuildFile; fileRef = EBDF89521DBD71480022EDC5 /* SnapKit.framework */; };
		EBDF89551DBD714D0022EDC5 /* SwiftDate.framework in Frameworks */ = {isa = PBXBuildFile; fileRef = EBDF89541DBD714D0022EDC5 /* SwiftDate.framework */; };
		EBDF89571DBD83200022EDC5 /* NotesListViewController.swift in Sources */ = {isa = PBXBuildFile; fileRef = EBDF89561DBD83200022EDC5 /* NotesListViewController.swift */; };
		EBDF895D1DBD86E60022EDC5 /* NoteListTableViewCellNoImage.swift in Sources */ = {isa = PBXBuildFile; fileRef = EBDF895B1DBD86E60022EDC5 /* NoteListTableViewCellNoImage.swift */; };
		EBDF895E1DBD86E60022EDC5 /* NoteListTableViewCellNoImage.xib in Resources */ = {isa = PBXBuildFile; fileRef = EBDF895C1DBD86E60022EDC5 /* NoteListTableViewCellNoImage.xib */; };
		EBDF89611DBD86FB0022EDC5 /* NoteListTableViewCellWithImage.swift in Sources */ = {isa = PBXBuildFile; fileRef = EBDF895F1DBD86FB0022EDC5 /* NoteListTableViewCellWithImage.swift */; };
		EBDF89621DBD86FB0022EDC5 /* NoteListTableViewCellWithImage.xib in Resources */ = {isa = PBXBuildFile; fileRef = EBDF89601DBD86FB0022EDC5 /* NoteListTableViewCellWithImage.xib */; };
		EBFF5DD51DB436AC00DB7154 /* AppDelegate.swift in Sources */ = {isa = PBXBuildFile; fileRef = EBFF5DD41DB436AC00DB7154 /* AppDelegate.swift */; };
		EBFF5DDA1DB436AC00DB7154 /* Main.storyboard in Resources */ = {isa = PBXBuildFile; fileRef = EBFF5DD81DB436AC00DB7154 /* Main.storyboard */; };
		EBFF5DDD1DB436AC00DB7154 /* MultiMediaNotes.xcdatamodeld in Sources */ = {isa = PBXBuildFile; fileRef = EBFF5DDB1DB436AC00DB7154 /* MultiMediaNotes.xcdatamodeld */; };
		EBFF5DDF1DB436AD00DB7154 /* Assets.xcassets in Resources */ = {isa = PBXBuildFile; fileRef = EBFF5DDE1DB436AD00DB7154 /* Assets.xcassets */; };
		EBFF5DE21DB436AD00DB7154 /* LaunchScreen.storyboard in Resources */ = {isa = PBXBuildFile; fileRef = EBFF5DE01DB436AD00DB7154 /* LaunchScreen.storyboard */; };
		EBFF5DED1DB436AD00DB7154 /* MultiMediaNotesTests.swift in Sources */ = {isa = PBXBuildFile; fileRef = EBFF5DEC1DB436AD00DB7154 /* MultiMediaNotesTests.swift */; };
		EBFF5DF81DB436AD00DB7154 /* MultiMediaNotesUITests.swift in Sources */ = {isa = PBXBuildFile; fileRef = EBFF5DF71DB436AD00DB7154 /* MultiMediaNotesUITests.swift */; };
/* End PBXBuildFile section */

/* Begin PBXContainerItemProxy section */
		EBFF5DE91DB436AD00DB7154 /* PBXContainerItemProxy */ = {
			isa = PBXContainerItemProxy;
			containerPortal = EBFF5DC91DB436AC00DB7154 /* Project object */;
			proxyType = 1;
			remoteGlobalIDString = EBFF5DD01DB436AC00DB7154;
			remoteInfo = MultiMediaNotes;
		};
		EBFF5DF41DB436AD00DB7154 /* PBXContainerItemProxy */ = {
			isa = PBXContainerItemProxy;
			containerPortal = EBFF5DC91DB436AC00DB7154 /* Project object */;
			proxyType = 1;
			remoteGlobalIDString = EBFF5DD01DB436AC00DB7154;
			remoteInfo = MultiMediaNotes;
		};
/* End PBXContainerItemProxy section */

/* Begin PBXFileReference section */
		04EE041D17913E2C69922A08 /* Pods-MultiMediaNotesTests.debug.xcconfig */ = {isa = PBXFileReference; includeInIndex = 1; lastKnownFileType = text.xcconfig; name = "Pods-MultiMediaNotesTests.debug.xcconfig"; path = "Pods/Target Support Files/Pods-MultiMediaNotesTests/Pods-MultiMediaNotesTests.debug.xcconfig"; sourceTree = "<group>"; };
		0F93AC25A0557EFA8396C4B8 /* Pods-MultiMediaNotes-MultiMediaNotesTests.release.xcconfig */ = {isa = PBXFileReference; includeInIndex = 1; lastKnownFileType = text.xcconfig; name = "Pods-MultiMediaNotes-MultiMediaNotesTests.release.xcconfig"; path = "Pods/Target Support Files/Pods-MultiMediaNotes-MultiMediaNotesTests/Pods-MultiMediaNotes-MultiMediaNotesTests.release.xcconfig"; sourceTree = "<group>"; };
		17C24B46FF2244F4F32F1ECC /* Pods-MultiMediaNotesTests.release.xcconfig */ = {isa = PBXFileReference; includeInIndex = 1; lastKnownFileType = text.xcconfig; name = "Pods-MultiMediaNotesTests.release.xcconfig"; path = "Pods/Target Support Files/Pods-MultiMediaNotesTests/Pods-MultiMediaNotesTests.release.xcconfig"; sourceTree = "<group>"; };
		258E74D8F77C4B24EA100911 /* Pods-MultiMediaNotes-MultiMediaNotesUITests.release.xcconfig */ = {isa = PBXFileReference; includeInIndex = 1; lastKnownFileType = text.xcconfig; name = "Pods-MultiMediaNotes-MultiMediaNotesUITests.release.xcconfig"; path = "Pods/Target Support Files/Pods-MultiMediaNotes-MultiMediaNotesUITests/Pods-MultiMediaNotes-MultiMediaNotesUITests.release.xcconfig"; sourceTree = "<group>"; };
		2D3F95FC704F7248EFA23638 /* Pods_MultiMediaNotes_MultiMediaNotesUITests.framework */ = {isa = PBXFileReference; explicitFileType = wrapper.framework; includeInIndex = 0; path = Pods_MultiMediaNotes_MultiMediaNotesUITests.framework; sourceTree = BUILT_PRODUCTS_DIR; };
		442F12F8F94157F56DF043A2 /* Pods_MultiMediaNotes_MultiMediaNotesTests.framework */ = {isa = PBXFileReference; explicitFileType = wrapper.framework; includeInIndex = 0; path = Pods_MultiMediaNotes_MultiMediaNotesTests.framework; sourceTree = BUILT_PRODUCTS_DIR; };
		539201C574EAE73400580484 /* Pods-MultiMediaNotesUITests.debug.xcconfig */ = {isa = PBXFileReference; includeInIndex = 1; lastKnownFileType = text.xcconfig; name = "Pods-MultiMediaNotesUITests.debug.xcconfig"; path = "Pods/Target Support Files/Pods-MultiMediaNotesUITests/Pods-MultiMediaNotesUITests.debug.xcconfig"; sourceTree = "<group>"; };
		5ECD861E420B01B8D7E90F4F /* Pods-MultiMediaNotes.release.xcconfig */ = {isa = PBXFileReference; includeInIndex = 1; lastKnownFileType = text.xcconfig; name = "Pods-MultiMediaNotes.release.xcconfig"; path = "Pods/Target Support Files/Pods-MultiMediaNotes/Pods-MultiMediaNotes.release.xcconfig"; sourceTree = "<group>"; };
		6796931D1DAB75A8A36DAFDD /* Pods-MultiMediaNotes-MultiMediaNotesTests.debug.xcconfig */ = {isa = PBXFileReference; includeInIndex = 1; lastKnownFileType = text.xcconfig; name = "Pods-MultiMediaNotes-MultiMediaNotesTests.debug.xcconfig"; path = "Pods/Target Support Files/Pods-MultiMediaNotes-MultiMediaNotesTests/Pods-MultiMediaNotes-MultiMediaNotesTests.debug.xcconfig"; sourceTree = "<group>"; };
		916D3EB4BFAC20536D11FBA5 /* Pods-MultiMediaNotes-MultiMediaNotesUITests.debug.xcconfig */ = {isa = PBXFileReference; includeInIndex = 1; lastKnownFileType = text.xcconfig; name = "Pods-MultiMediaNotes-MultiMediaNotesUITests.debug.xcconfig"; path = "Pods/Target Support Files/Pods-MultiMediaNotes-MultiMediaNotesUITests/Pods-MultiMediaNotes-MultiMediaNotesUITests.debug.xcconfig"; sourceTree = "<group>"; };
		96F42B4A627757C5BD3E5518 /* Pods_MultiMediaNotes.framework */ = {isa = PBXFileReference; explicitFileType = wrapper.framework; includeInIndex = 0; path = Pods_MultiMediaNotes.framework; sourceTree = BUILT_PRODUCTS_DIR; };
		D2526CFC9B9CE66472DC0769 /* Pods-MultiMediaNotesUITests.release.xcconfig */ = {isa = PBXFileReference; includeInIndex = 1; lastKnownFileType = text.xcconfig; name = "Pods-MultiMediaNotesUITests.release.xcconfig"; path = "Pods/Target Support Files/Pods-MultiMediaNotesUITests/Pods-MultiMediaNotesUITests.release.xcconfig"; sourceTree = "<group>"; };
		D758C9552E161E0A3BD4CBE2 /* Pods-MultiMediaNotes.debug.xcconfig */ = {isa = PBXFileReference; includeInIndex = 1; lastKnownFileType = text.xcconfig; name = "Pods-MultiMediaNotes.debug.xcconfig"; path = "Pods/Target Support Files/Pods-MultiMediaNotes/Pods-MultiMediaNotes.debug.xcconfig"; sourceTree = "<group>"; };
		E417D5C6BBA9B358B469C216 /* Pods_MultiMediaNotesTests.framework */ = {isa = PBXFileReference; explicitFileType = wrapper.framework; includeInIndex = 0; path = Pods_MultiMediaNotesTests.framework; sourceTree = BUILT_PRODUCTS_DIR; };
		EB5F8AD41DC6A90C00983E01 /* UIImageExtractExt.swift */ = {isa = PBXFileReference; fileEncoding = 4; lastKnownFileType = sourcecode.swift; path = UIImageExtractExt.swift; sourceTree = "<group>"; };
		EB5F8AD61DC6A92D00983E01 /* UIViewFrameExt.swift */ = {isa = PBXFileReference; fileEncoding = 4; lastKnownFileType = sourcecode.swift; path = UIViewFrameExt.swift; sourceTree = "<group>"; };
		EB5F8AD81DC6A9A000983E01 /* ToolBar.swift */ = {isa = PBXFileReference; fileEncoding = 4; lastKnownFileType = sourcecode.swift; path = ToolBar.swift; sourceTree = "<group>"; };
		EB5F8ADA1DC6A9BF00983E01 /* Session.swift */ = {isa = PBXFileReference; fileEncoding = 4; lastKnownFileType = sourcecode.swift; path = Session.swift; sourceTree = "<group>"; };
		EB5F8ADC1DC6A9D900983E01 /* Palette.swift */ = {isa = PBXFileReference; fileEncoding = 4; lastKnownFileType = sourcecode.swift; path = Palette.swift; sourceTree = "<group>"; };
		EB5F8ADE1DC6A9EF00983E01 /* Drawing.swift */ = {isa = PBXFileReference; fileEncoding = 4; lastKnownFileType = sourcecode.swift; path = Drawing.swift; sourceTree = "<group>"; };
		EB5F8AE01DC6AA0500983E01 /* CircleButton.swift */ = {isa = PBXFileReference; fileEncoding = 4; lastKnownFileType = sourcecode.swift; path = CircleButton.swift; sourceTree = "<group>"; };
		EB5F8AE21DC6AA1B00983E01 /* Canvas.swift */ = {isa = PBXFileReference; fileEncoding = 4; lastKnownFileType = sourcecode.swift; path = Canvas.swift; sourceTree = "<group>"; };
		EB5F8AE41DC6AA2C00983E01 /* Brush.swift */ = {isa = PBXFileReference; fileEncoding = 4; lastKnownFileType = sourcecode.swift; path = Brush.swift; sourceTree = "<group>"; };
		EB5F8AE61DC6AAC700983E01 /* NXDrawViewCell.swift */ = {isa = PBXFileReference; fileEncoding = 4; lastKnownFileType = sourcecode.swift; path = NXDrawViewCell.swift; sourceTree = "<group>"; };
		EB5F8AE71DC6AAC700983E01 /* NXDrawViewCell.xib */ = {isa = PBXFileReference; fileEncoding = 4; lastKnownFileType = file.xib; path = NXDrawViewCell.xib; sourceTree = "<group>"; };
		EB68271A1DBD936B000E6541 /* Note.swift */ = {isa = PBXFileReference; fileEncoding = 4; lastKnownFileType = sourcecode.swift; path = Note.swift; sourceTree = "<group>"; };
		EBDF89521DBD71480022EDC5 /* SnapKit.framework */ = {isa = PBXFileReference; lastKnownFileType = wrapper.framework; name = SnapKit.framework; path = "../../../../../Library/Developer/Xcode/DerivedData/MultiMediaNotes-ekghiqmkixanvwcmngdxcwhgeprp/Build/Products/Debug-iphonesimulator/SnapKit/SnapKit.framework"; sourceTree = "<group>"; };
		EBDF89541DBD714D0022EDC5 /* SwiftDate.framework */ = {isa = PBXFileReference; lastKnownFileType = wrapper.framework; name = SwiftDate.framework; path = "../../../../../Library/Developer/Xcode/DerivedData/MultiMediaNotes-ekghiqmkixanvwcmngdxcwhgeprp/Build/Products/Debug-iphonesimulator/SwiftDate/SwiftDate.framework"; sourceTree = "<group>"; };
		EBDF89561DBD83200022EDC5 /* NotesListViewController.swift */ = {isa = PBXFileReference; fileEncoding = 4; lastKnownFileType = sourcecode.swift; path = NotesListViewController.swift; sourceTree = "<group>"; };
		EBDF895B1DBD86E60022EDC5 /* NoteListTableViewCellNoImage.swift */ = {isa = PBXFileReference; fileEncoding = 4; lastKnownFileType = sourcecode.swift; path = NoteListTableViewCellNoImage.swift; sourceTree = "<group>"; };
		EBDF895C1DBD86E60022EDC5 /* NoteListTableViewCellNoImage.xib */ = {isa = PBXFileReference; fileEncoding = 4; lastKnownFileType = file.xib; path = NoteListTableViewCellNoImage.xib; sourceTree = "<group>"; };
		EBDF895F1DBD86FB0022EDC5 /* NoteListTableViewCellWithImage.swift */ = {isa = PBXFileReference; fileEncoding = 4; lastKnownFileType = sourcecode.swift; path = NoteListTableViewCellWithImage.swift; sourceTree = "<group>"; };
		EBDF89601DBD86FB0022EDC5 /* NoteListTableViewCellWithImage.xib */ = {isa = PBXFileReference; fileEncoding = 4; lastKnownFileType = file.xib; path = NoteListTableViewCellWithImage.xib; sourceTree = "<group>"; };
		EBFF5DD11DB436AC00DB7154 /* MultiMediaNotes.app */ = {isa = PBXFileReference; explicitFileType = wrapper.application; includeInIndex = 0; path = MultiMediaNotes.app; sourceTree = BUILT_PRODUCTS_DIR; };
		EBFF5DD41DB436AC00DB7154 /* AppDelegate.swift */ = {isa = PBXFileReference; lastKnownFileType = sourcecode.swift; path = AppDelegate.swift; sourceTree = "<group>"; };
		EBFF5DD91DB436AC00DB7154 /* Base */ = {isa = PBXFileReference; lastKnownFileType = file.storyboard; name = Base; path = Base.lproj/Main.storyboard; sourceTree = "<group>"; };
		EBFF5DDC1DB436AC00DB7154 /* MultiMediaNotes.xcdatamodel */ = {isa = PBXFileReference; lastKnownFileType = wrapper.xcdatamodel; path = MultiMediaNotes.xcdatamodel; sourceTree = "<group>"; };
		EBFF5DDE1DB436AD00DB7154 /* Assets.xcassets */ = {isa = PBXFileReference; lastKnownFileType = folder.assetcatalog; path = Assets.xcassets; sourceTree = "<group>"; };
		EBFF5DE11DB436AD00DB7154 /* Base */ = {isa = PBXFileReference; lastKnownFileType = file.storyboard; name = Base; path = Base.lproj/LaunchScreen.storyboard; sourceTree = "<group>"; };
		EBFF5DE31DB436AD00DB7154 /* Info.plist */ = {isa = PBXFileReference; lastKnownFileType = text.plist.xml; path = Info.plist; sourceTree = "<group>"; };
		EBFF5DE81DB436AD00DB7154 /* MultiMediaNotesTests.xctest */ = {isa = PBXFileReference; explicitFileType = wrapper.cfbundle; includeInIndex = 0; path = MultiMediaNotesTests.xctest; sourceTree = BUILT_PRODUCTS_DIR; };
		EBFF5DEC1DB436AD00DB7154 /* MultiMediaNotesTests.swift */ = {isa = PBXFileReference; lastKnownFileType = sourcecode.swift; path = MultiMediaNotesTests.swift; sourceTree = "<group>"; };
		EBFF5DEE1DB436AD00DB7154 /* Info.plist */ = {isa = PBXFileReference; lastKnownFileType = text.plist.xml; path = Info.plist; sourceTree = "<group>"; };
		EBFF5DF31DB436AD00DB7154 /* MultiMediaNotesUITests.xctest */ = {isa = PBXFileReference; explicitFileType = wrapper.cfbundle; includeInIndex = 0; path = MultiMediaNotesUITests.xctest; sourceTree = BUILT_PRODUCTS_DIR; };
		EBFF5DF71DB436AD00DB7154 /* MultiMediaNotesUITests.swift */ = {isa = PBXFileReference; lastKnownFileType = sourcecode.swift; path = MultiMediaNotesUITests.swift; sourceTree = "<group>"; };
		EBFF5DF91DB436AD00DB7154 /* Info.plist */ = {isa = PBXFileReference; lastKnownFileType = text.plist.xml; path = Info.plist; sourceTree = "<group>"; };
		FB547D36C32DCF7AFFDBC3BF /* Pods_MultiMediaNotesUITests.framework */ = {isa = PBXFileReference; explicitFileType = wrapper.framework; includeInIndex = 0; path = Pods_MultiMediaNotesUITests.framework; sourceTree = BUILT_PRODUCTS_DIR; };
/* End PBXFileReference section */

/* Begin PBXFrameworksBuildPhase section */
		EBFF5DCE1DB436AC00DB7154 /* Frameworks */ = {
			isa = PBXFrameworksBuildPhase;
			buildActionMask = 2147483647;
			files = (
				EBDF89551DBD714D0022EDC5 /* SwiftDate.framework in Frameworks */,
				EBDF89531DBD71480022EDC5 /* SnapKit.framework in Frameworks */,
				4502123F9A1A5346FE099516 /* Pods_MultiMediaNotes.framework in Frameworks */,
			);
			runOnlyForDeploymentPostprocessing = 0;
		};
		EBFF5DE51DB436AD00DB7154 /* Frameworks */ = {
			isa = PBXFrameworksBuildPhase;
			buildActionMask = 2147483647;
			files = (
				A4BD377ABA9363992049925E /* Pods_MultiMediaNotesTests.framework in Frameworks */,
				2A0AA919F2718B633A4696B7 /* Pods_MultiMediaNotes_MultiMediaNotesTests.framework in Frameworks */,
			);
			runOnlyForDeploymentPostprocessing = 0;
		};
		EBFF5DF01DB436AD00DB7154 /* Frameworks */ = {
			isa = PBXFrameworksBuildPhase;
			buildActionMask = 2147483647;
			files = (
				8963DC3DABC6AF6DE95D9A67 /* Pods_MultiMediaNotesUITests.framework in Frameworks */,
				3EB2A9F559B47F225585935C /* Pods_MultiMediaNotes_MultiMediaNotesUITests.framework in Frameworks */,
			);
			runOnlyForDeploymentPostprocessing = 0;
		};
/* End PBXFrameworksBuildPhase section */

/* Begin PBXGroup section */
		80F2D69113F833CA0B2197DF /* Pods */ = {
			isa = PBXGroup;
			children = (
				D758C9552E161E0A3BD4CBE2 /* Pods-MultiMediaNotes.debug.xcconfig */,
				5ECD861E420B01B8D7E90F4F /* Pods-MultiMediaNotes.release.xcconfig */,
				04EE041D17913E2C69922A08 /* Pods-MultiMediaNotesTests.debug.xcconfig */,
				17C24B46FF2244F4F32F1ECC /* Pods-MultiMediaNotesTests.release.xcconfig */,
				539201C574EAE73400580484 /* Pods-MultiMediaNotesUITests.debug.xcconfig */,
				D2526CFC9B9CE66472DC0769 /* Pods-MultiMediaNotesUITests.release.xcconfig */,
				6796931D1DAB75A8A36DAFDD /* Pods-MultiMediaNotes-MultiMediaNotesTests.debug.xcconfig */,
				0F93AC25A0557EFA8396C4B8 /* Pods-MultiMediaNotes-MultiMediaNotesTests.release.xcconfig */,
				916D3EB4BFAC20536D11FBA5 /* Pods-MultiMediaNotes-MultiMediaNotesUITests.debug.xcconfig */,
				258E74D8F77C4B24EA100911 /* Pods-MultiMediaNotes-MultiMediaNotesUITests.release.xcconfig */,
			);
			name = Pods;
			sourceTree = "<group>";
		};
		C28ADEDBE3EDEADC859C49A6 /* Frameworks */ = {
			isa = PBXGroup;
			children = (
				EBDF89541DBD714D0022EDC5 /* SwiftDate.framework */,
				EBDF89521DBD71480022EDC5 /* SnapKit.framework */,
				96F42B4A627757C5BD3E5518 /* Pods_MultiMediaNotes.framework */,
				E417D5C6BBA9B358B469C216 /* Pods_MultiMediaNotesTests.framework */,
				FB547D36C32DCF7AFFDBC3BF /* Pods_MultiMediaNotesUITests.framework */,
				442F12F8F94157F56DF043A2 /* Pods_MultiMediaNotes_MultiMediaNotesTests.framework */,
				2D3F95FC704F7248EFA23638 /* Pods_MultiMediaNotes_MultiMediaNotesUITests.framework */,
			);
			name = Frameworks;
			sourceTree = "<group>";
		};
		EB5F8AD31DC6A8E300983E01 /* NXDrawKit */ = {
			isa = PBXGroup;
			children = (
				EB5F8AD41DC6A90C00983E01 /* UIImageExtractExt.swift */,
				EB5F8AD61DC6A92D00983E01 /* UIViewFrameExt.swift */,
				EB5F8AD81DC6A9A000983E01 /* ToolBar.swift */,
				EB5F8ADA1DC6A9BF00983E01 /* Session.swift */,
				EB5F8ADC1DC6A9D900983E01 /* Palette.swift */,
				EB5F8ADE1DC6A9EF00983E01 /* Drawing.swift */,
				EB5F8AE01DC6AA0500983E01 /* CircleButton.swift */,
				EB5F8AE21DC6AA1B00983E01 /* Canvas.swift */,
				EB5F8AE41DC6AA2C00983E01 /* Brush.swift */,
			);
			name = NXDrawKit;
			sourceTree = "<group>";
		};
		EB6827191DBD9351000E6541 /* Model */ = {
			isa = PBXGroup;
			children = (
				EB68271A1DBD936B000E6541 /* Note.swift */,
			);
			name = Model;
			sourceTree = "<group>";
		};
		EBDF89581DBD85810022EDC5 /* View */ = {
			isa = PBXGroup;
			children = (
				EB5F8AD31DC6A8E300983E01 /* NXDrawKit */,
				EBDF895B1DBD86E60022EDC5 /* NoteListTableViewCellNoImage.swift */,
				EBDF895C1DBD86E60022EDC5 /* NoteListTableViewCellNoImage.xib */,
				EBDF895F1DBD86FB0022EDC5 /* NoteListTableViewCellWithImage.swift */,
				EBDF89601DBD86FB0022EDC5 /* NoteListTableViewCellWithImage.xib */,
				EB5F8AE61DC6AAC700983E01 /* NXDrawViewCell.swift */,
				EB5F8AE71DC6AAC700983E01 /* NXDrawViewCell.xib */,
			);
			name = View;
			sourceTree = "<group>";
		};
		EBFF5DC81DB436AC00DB7154 = {
			isa = PBXGroup;
			children = (
				EBFF5DD31DB436AC00DB7154 /* MultiMediaNotes */,
				EBFF5DEB1DB436AD00DB7154 /* MultiMediaNotesTests */,
				EBFF5DF61DB436AD00DB7154 /* MultiMediaNotesUITests */,
				EBFF5DD21DB436AC00DB7154 /* Products */,
				80F2D69113F833CA0B2197DF /* Pods */,
				C28ADEDBE3EDEADC859C49A6 /* Frameworks */,
			);
			sourceTree = "<group>";
		};
		EBFF5DD21DB436AC00DB7154 /* Products */ = {
			isa = PBXGroup;
			children = (
				EBFF5DD11DB436AC00DB7154 /* MultiMediaNotes.app */,
				EBFF5DE81DB436AD00DB7154 /* MultiMediaNotesTests.xctest */,
				EBFF5DF31DB436AD00DB7154 /* MultiMediaNotesUITests.xctest */,
			);
			name = Products;
			sourceTree = "<group>";
		};
		EBFF5DD31DB436AC00DB7154 /* MultiMediaNotes */ = {
			isa = PBXGroup;
			children = (
				EB6827191DBD9351000E6541 /* Model */,
				EBDF89581DBD85810022EDC5 /* View */,
				EBFF5DD41DB436AC00DB7154 /* AppDelegate.swift */,
				EBFF5DD81DB436AC00DB7154 /* Main.storyboard */,
				EBFF5DDE1DB436AD00DB7154 /* Assets.xcassets */,
				EBFF5DE01DB436AD00DB7154 /* LaunchScreen.storyboard */,
				EBFF5DE31DB436AD00DB7154 /* Info.plist */,
				EBFF5DDB1DB436AC00DB7154 /* MultiMediaNotes.xcdatamodeld */,
				EBDF89561DBD83200022EDC5 /* NotesListViewController.swift */,
			);
			path = MultiMediaNotes;
			sourceTree = "<group>";
		};
		EBFF5DEB1DB436AD00DB7154 /* MultiMediaNotesTests */ = {
			isa = PBXGroup;
			children = (
				EBFF5DEC1DB436AD00DB7154 /* MultiMediaNotesTests.swift */,
				EBFF5DEE1DB436AD00DB7154 /* Info.plist */,
			);
			path = MultiMediaNotesTests;
			sourceTree = "<group>";
		};
		EBFF5DF61DB436AD00DB7154 /* MultiMediaNotesUITests */ = {
			isa = PBXGroup;
			children = (
				EBFF5DF71DB436AD00DB7154 /* MultiMediaNotesUITests.swift */,
				EBFF5DF91DB436AD00DB7154 /* Info.plist */,
			);
			path = MultiMediaNotesUITests;
			sourceTree = "<group>";
		};
/* End PBXGroup section */

/* Begin PBXNativeTarget section */
		EBFF5DD01DB436AC00DB7154 /* MultiMediaNotes */ = {
			isa = PBXNativeTarget;
			buildConfigurationList = EBFF5DFC1DB436AD00DB7154 /* Build configuration list for PBXNativeTarget "MultiMediaNotes" */;
			buildPhases = (
				F6CAFA7D14D3A3B91D8D5C3B /* [CP] Check Pods Manifest.lock */,
				EBFF5DCD1DB436AC00DB7154 /* Sources */,
				EBFF5DCE1DB436AC00DB7154 /* Frameworks */,
				EBFF5DCF1DB436AC00DB7154 /* Resources */,
				B1B0E5CFCD77D15C51E41BA2 /* [CP] Embed Pods Frameworks */,
				51ED97F0D37DBA620F619BED /* [CP] Copy Pods Resources */,
			);
			buildRules = (
			);
			dependencies = (
			);
			name = MultiMediaNotes;
			productName = MultiMediaNotes;
			productReference = EBFF5DD11DB436AC00DB7154 /* MultiMediaNotes.app */;
			productType = "com.apple.product-type.application";
		};
		EBFF5DE71DB436AD00DB7154 /* MultiMediaNotesTests */ = {
			isa = PBXNativeTarget;
			buildConfigurationList = EBFF5DFF1DB436AD00DB7154 /* Build configuration list for PBXNativeTarget "MultiMediaNotesTests" */;
			buildPhases = (
				A0E46AA7460713758821E8FF /* [CP] Check Pods Manifest.lock */,
				EBFF5DE41DB436AD00DB7154 /* Sources */,
				EBFF5DE51DB436AD00DB7154 /* Frameworks */,
				EBFF5DE61DB436AD00DB7154 /* Resources */,
				B574536892A35AC9411DDAFC /* [CP] Embed Pods Frameworks */,
				13823E6C656EF2B716EA78D8 /* [CP] Copy Pods Resources */,
			);
			buildRules = (
			);
			dependencies = (
				EBFF5DEA1DB436AD00DB7154 /* PBXTargetDependency */,
			);
			name = MultiMediaNotesTests;
			productName = MultiMediaNotesTests;
			productReference = EBFF5DE81DB436AD00DB7154 /* MultiMediaNotesTests.xctest */;
			productType = "com.apple.product-type.bundle.unit-test";
		};
		EBFF5DF21DB436AD00DB7154 /* MultiMediaNotesUITests */ = {
			isa = PBXNativeTarget;
			buildConfigurationList = EBFF5E021DB436AD00DB7154 /* Build configuration list for PBXNativeTarget "MultiMediaNotesUITests" */;
			buildPhases = (
				CDAEB43E8A62B4C0660EC61A /* [CP] Check Pods Manifest.lock */,
				EBFF5DEF1DB436AD00DB7154 /* Sources */,
				EBFF5DF01DB436AD00DB7154 /* Frameworks */,
				EBFF5DF11DB436AD00DB7154 /* Resources */,
				CA89F86BC8EF3E325899B3DE /* [CP] Embed Pods Frameworks */,
				399F20CDC4E81EFD7FBC4EB7 /* [CP] Copy Pods Resources */,
			);
			buildRules = (
			);
			dependencies = (
				EBFF5DF51DB436AD00DB7154 /* PBXTargetDependency */,
			);
			name = MultiMediaNotesUITests;
			productName = MultiMediaNotesUITests;
			productReference = EBFF5DF31DB436AD00DB7154 /* MultiMediaNotesUITests.xctest */;
			productType = "com.apple.product-type.bundle.ui-testing";
		};
/* End PBXNativeTarget section */

/* Begin PBXProject section */
		EBFF5DC91DB436AC00DB7154 /* Project object */ = {
			isa = PBXProject;
			attributes = {
				LastSwiftUpdateCheck = 0800;
				LastUpgradeCheck = 0800;
				ORGANIZATIONNAME = iParroting.com;
				TargetAttributes = {
					EBFF5DD01DB436AC00DB7154 = {
						CreatedOnToolsVersion = 8.0;
						DevelopmentTeam = U6H8QF8EBV;
						ProvisioningStyle = Automatic;
					};
					EBFF5DE71DB436AD00DB7154 = {
						CreatedOnToolsVersion = 8.0;
						DevelopmentTeam = U6H8QF8EBV;
						ProvisioningStyle = Automatic;
						TestTargetID = EBFF5DD01DB436AC00DB7154;
					};
					EBFF5DF21DB436AD00DB7154 = {
						CreatedOnToolsVersion = 8.0;
						DevelopmentTeam = U6H8QF8EBV;
						ProvisioningStyle = Automatic;
						TestTargetID = EBFF5DD01DB436AC00DB7154;
					};
				};
			};
			buildConfigurationList = EBFF5DCC1DB436AC00DB7154 /* Build configuration list for PBXProject "MultiMediaNotes" */;
			compatibilityVersion = "Xcode 3.2";
			developmentRegion = English;
			hasScannedForEncodings = 0;
			knownRegions = (
				en,
				Base,
			);
			mainGroup = EBFF5DC81DB436AC00DB7154;
			productRefGroup = EBFF5DD21DB436AC00DB7154 /* Products */;
			projectDirPath = "";
			projectRoot = "";
			targets = (
				EBFF5DD01DB436AC00DB7154 /* MultiMediaNotes */,
				EBFF5DE71DB436AD00DB7154 /* MultiMediaNotesTests */,
				EBFF5DF21DB436AD00DB7154 /* MultiMediaNotesUITests */,
			);
		};
/* End PBXProject section */

/* Begin PBXResourcesBuildPhase section */
		EBFF5DCF1DB436AC00DB7154 /* Resources */ = {
			isa = PBXResourcesBuildPhase;
			buildActionMask = 2147483647;
			files = (
				EBDF895E1DBD86E60022EDC5 /* NoteListTableViewCellNoImage.xib in Resources */,
				EBFF5DE21DB436AD00DB7154 /* LaunchScreen.storyboard in Resources */,
				EBFF5DDF1DB436AD00DB7154 /* Assets.xcassets in Resources */,
				EBDF89621DBD86FB0022EDC5 /* NoteListTableViewCellWithImage.xib in Resources */,
				EB5F8AE91DC6AAC700983E01 /* NXDrawViewCell.xib in Resources */,
				EBFF5DDA1DB436AC00DB7154 /* Main.storyboard in Resources */,
			);
			runOnlyForDeploymentPostprocessing = 0;
		};
		EBFF5DE61DB436AD00DB7154 /* Resources */ = {
			isa = PBXResourcesBuildPhase;
			buildActionMask = 2147483647;
			files = (
			);
			runOnlyForDeploymentPostprocessing = 0;
		};
		EBFF5DF11DB436AD00DB7154 /* Resources */ = {
			isa = PBXResourcesBuildPhase;
			buildActionMask = 2147483647;
			files = (
			);
			runOnlyForDeploymentPostprocessing = 0;
		};
/* End PBXResourcesBuildPhase section */

/* Begin PBXShellScriptBuildPhase section */
		13823E6C656EF2B716EA78D8 /* [CP] Copy Pods Resources */ = {
			isa = PBXShellScriptBuildPhase;
			buildActionMask = 2147483647;
			files = (
			);
			inputPaths = (
			);
			name = "[CP] Copy Pods Resources";
			outputPaths = (
			);
			runOnlyForDeploymentPostprocessing = 0;
			shellPath = /bin/sh;
			shellScript = "\"${SRCROOT}/Pods/Target Support Files/Pods-MultiMediaNotes-MultiMediaNotesTests/Pods-MultiMediaNotes-MultiMediaNotesTests-resources.sh\"\n";
			showEnvVarsInLog = 0;
		};
		399F20CDC4E81EFD7FBC4EB7 /* [CP] Copy Pods Resources */ = {
			isa = PBXShellScriptBuildPhase;
			buildActionMask = 2147483647;
			files = (
			);
			inputPaths = (
			);
			name = "[CP] Copy Pods Resources";
			outputPaths = (
			);
			runOnlyForDeploymentPostprocessing = 0;
			shellPath = /bin/sh;
			shellScript = "\"${SRCROOT}/Pods/Target Support Files/Pods-MultiMediaNotes-MultiMediaNotesUITests/Pods-MultiMediaNotes-MultiMediaNotesUITests-resources.sh\"\n";
			showEnvVarsInLog = 0;
		};
		51ED97F0D37DBA620F619BED /* [CP] Copy Pods Resources */ = {
			isa = PBXShellScriptBuildPhase;
			buildActionMask = 2147483647;
			files = (
			);
			inputPaths = (
			);
			name = "[CP] Copy Pods Resources";
			outputPaths = (
			);
			runOnlyForDeploymentPostprocessing = 0;
			shellPath = /bin/sh;
			shellScript = "\"${SRCROOT}/Pods/Target Support Files/Pods-MultiMediaNotes/Pods-MultiMediaNotes-resources.sh\"\n";
			showEnvVarsInLog = 0;
		};
		A0E46AA7460713758821E8FF /* [CP] Check Pods Manifest.lock */ = {
			isa = PBXShellScriptBuildPhase;
			buildActionMask = 2147483647;
			files = (
			);
			inputPaths = (
			);
			name = "[CP] Check Pods Manifest.lock";
			outputPaths = (
			);
			runOnlyForDeploymentPostprocessing = 0;
			shellPath = /bin/sh;
			shellScript = "diff \"${PODS_ROOT}/../Podfile.lock\" \"${PODS_ROOT}/Manifest.lock\" > /dev/null\nif [ $? != 0 ] ; then\n    # print error to STDERR\n    echo \"error: The sandbox is not in sync with the Podfile.lock. Run 'pod install' or update your CocoaPods installation.\" >&2\n    exit 1\nfi\n";
			showEnvVarsInLog = 0;
		};
		B1B0E5CFCD77D15C51E41BA2 /* [CP] Embed Pods Frameworks */ = {
			isa = PBXShellScriptBuildPhase;
			buildActionMask = 2147483647;
			files = (
			);
			inputPaths = (
			);
			name = "[CP] Embed Pods Frameworks";
			outputPaths = (
			);
			runOnlyForDeploymentPostprocessing = 0;
			shellPath = /bin/sh;
			shellScript = "\"${SRCROOT}/Pods/Target Support Files/Pods-MultiMediaNotes/Pods-MultiMediaNotes-frameworks.sh\"\n";
			showEnvVarsInLog = 0;
		};
		B574536892A35AC9411DDAFC /* [CP] Embed Pods Frameworks */ = {
			isa = PBXShellScriptBuildPhase;
			buildActionMask = 2147483647;
			files = (
			);
			inputPaths = (
			);
			name = "[CP] Embed Pods Frameworks";
			outputPaths = (
			);
			runOnlyForDeploymentPostprocessing = 0;
			shellPath = /bin/sh;
			shellScript = "\"${SRCROOT}/Pods/Target Support Files/Pods-MultiMediaNotes-MultiMediaNotesTests/Pods-MultiMediaNotes-MultiMediaNotesTests-frameworks.sh\"\n";
			showEnvVarsInLog = 0;
		};
		CA89F86BC8EF3E325899B3DE /* [CP] Embed Pods Frameworks */ = {
			isa = PBXShellScriptBuildPhase;
			buildActionMask = 2147483647;
			files = (
			);
			inputPaths = (
			);
			name = "[CP] Embed Pods Frameworks";
			outputPaths = (
			);
			runOnlyForDeploymentPostprocessing = 0;
			shellPath = /bin/sh;
			shellScript = "\"${SRCROOT}/Pods/Target Support Files/Pods-MultiMediaNotes-MultiMediaNotesUITests/Pods-MultiMediaNotes-MultiMediaNotesUITests-frameworks.sh\"\n";
			showEnvVarsInLog = 0;
		};
		CDAEB43E8A62B4C0660EC61A /* [CP] Check Pods Manifest.lock */ = {
			isa = PBXShellScriptBuildPhase;
			buildActionMask = 2147483647;
			files = (
			);
			inputPaths = (
			);
			name = "[CP] Check Pods Manifest.lock";
			outputPaths = (
			);
			runOnlyForDeploymentPostprocessing = 0;
			shellPath = /bin/sh;
			shellScript = "diff \"${PODS_ROOT}/../Podfile.lock\" \"${PODS_ROOT}/Manifest.lock\" > /dev/null\nif [ $? != 0 ] ; then\n    # print error to STDERR\n    echo \"error: The sandbox is not in sync with the Podfile.lock. Run 'pod install' or update your CocoaPods installation.\" >&2\n    exit 1\nfi\n";
			showEnvVarsInLog = 0;
		};
		F6CAFA7D14D3A3B91D8D5C3B /* [CP] Check Pods Manifest.lock */ = {
			isa = PBXShellScriptBuildPhase;
			buildActionMask = 2147483647;
			files = (
			);
			inputPaths = (
			);
			name = "[CP] Check Pods Manifest.lock";
			outputPaths = (
			);
			runOnlyForDeploymentPostprocessing = 0;
			shellPath = /bin/sh;
			shellScript = "diff \"${PODS_ROOT}/../Podfile.lock\" \"${PODS_ROOT}/Manifest.lock\" > /dev/null\nif [ $? != 0 ] ; then\n    # print error to STDERR\n    echo \"error: The sandbox is not in sync with the Podfile.lock. Run 'pod install' or update your CocoaPods installation.\" >&2\n    exit 1\nfi\n";
			showEnvVarsInLog = 0;
		};
/* End PBXShellScriptBuildPhase section */

/* Begin PBXSourcesBuildPhase section */
		EBFF5DCD1DB436AC00DB7154 /* Sources */ = {
			isa = PBXSourcesBuildPhase;
			buildActionMask = 2147483647;
			files = (
				EB5F8ADB1DC6A9BF00983E01 /* Session.swift in Sources */,
				EB5F8ADD1DC6A9D900983E01 /* Palette.swift in Sources */,
				EB5F8AD91DC6A9A000983E01 /* ToolBar.swift in Sources */,
				EBDF89611DBD86FB0022EDC5 /* NoteListTableViewCellWithImage.swift in Sources */,
				EBDF89571DBD83200022EDC5 /* NotesListViewController.swift in Sources */,
				EB5F8AE11DC6AA0500983E01 /* CircleButton.swift in Sources */,
				EBFF5DD51DB436AC00DB7154 /* AppDelegate.swift in Sources */,
				EB5F8AE31DC6AA1B00983E01 /* Canvas.swift in Sources */,
				EBDF895D1DBD86E60022EDC5 /* NoteListTableViewCellNoImage.swift in Sources */,
				EB5F8AD71DC6A92D00983E01 /* UIViewFrameExt.swift in Sources */,
				EB5F8ADF1DC6A9EF00983E01 /* Drawing.swift in Sources */,
				EB5F8AD51DC6A90C00983E01 /* UIImageExtractExt.swift in Sources */,
				EB5F8AE51DC6AA2C00983E01 /* Brush.swift in Sources */,
				EBFF5DDD1DB436AC00DB7154 /* MultiMediaNotes.xcdatamodeld in Sources */,
				EB5F8AE81DC6AAC700983E01 /* NXDrawViewCell.swift in Sources */,
				EB68271B1DBD936B000E6541 /* Note.swift in Sources */,
			);
			runOnlyForDeploymentPostprocessing = 0;
		};
		EBFF5DE41DB436AD00DB7154 /* Sources */ = {
			isa = PBXSourcesBuildPhase;
			buildActionMask = 2147483647;
			files = (
				EBFF5DED1DB436AD00DB7154 /* MultiMediaNotesTests.swift in Sources */,
			);
			runOnlyForDeploymentPostprocessing = 0;
		};
		EBFF5DEF1DB436AD00DB7154 /* Sources */ = {
			isa = PBXSourcesBuildPhase;
			buildActionMask = 2147483647;
			files = (
				EBFF5DF81DB436AD00DB7154 /* MultiMediaNotesUITests.swift in Sources */,
			);
			runOnlyForDeploymentPostprocessing = 0;
		};
/* End PBXSourcesBuildPhase section */

/* Begin PBXTargetDependency section */
		EBFF5DEA1DB436AD00DB7154 /* PBXTargetDependency */ = {
			isa = PBXTargetDependency;
			target = EBFF5DD01DB436AC00DB7154 /* MultiMediaNotes */;
			targetProxy = EBFF5DE91DB436AD00DB7154 /* PBXContainerItemProxy */;
		};
		EBFF5DF51DB436AD00DB7154 /* PBXTargetDependency */ = {
			isa = PBXTargetDependency;
			target = EBFF5DD01DB436AC00DB7154 /* MultiMediaNotes */;
			targetProxy = EBFF5DF41DB436AD00DB7154 /* PBXContainerItemProxy */;
		};
/* End PBXTargetDependency section */

/* Begin PBXVariantGroup section */
		EBFF5DD81DB436AC00DB7154 /* Main.storyboard */ = {
			isa = PBXVariantGroup;
			children = (
				EBFF5DD91DB436AC00DB7154 /* Base */,
			);
			name = Main.storyboard;
			sourceTree = "<group>";
		};
		EBFF5DE01DB436AD00DB7154 /* LaunchScreen.storyboard */ = {
			isa = PBXVariantGroup;
			children = (
				EBFF5DE11DB436AD00DB7154 /* Base */,
			);
			name = LaunchScreen.storyboard;
			sourceTree = "<group>";
		};
/* End PBXVariantGroup section */

/* Begin XCBuildConfiguration section */
		EBFF5DFA1DB436AD00DB7154 /* Debug */ = {
			isa = XCBuildConfiguration;
			buildSettings = {
				ALWAYS_SEARCH_USER_PATHS = NO;
				CLANG_ANALYZER_NONNULL = YES;
				CLANG_CXX_LANGUAGE_STANDARD = "gnu++0x";
				CLANG_CXX_LIBRARY = "libc++";
				CLANG_ENABLE_MODULES = YES;
				CLANG_ENABLE_OBJC_ARC = YES;
				CLANG_WARN_BOOL_CONVERSION = YES;
				CLANG_WARN_CONSTANT_CONVERSION = YES;
				CLANG_WARN_DIRECT_OBJC_ISA_USAGE = YES_ERROR;
				CLANG_WARN_DOCUMENTATION_COMMENTS = YES;
				CLANG_WARN_EMPTY_BODY = YES;
				CLANG_WARN_ENUM_CONVERSION = YES;
				CLANG_WARN_INFINITE_RECURSION = YES;
				CLANG_WARN_INT_CONVERSION = YES;
				CLANG_WARN_OBJC_ROOT_CLASS = YES_ERROR;
				CLANG_WARN_SUSPICIOUS_MOVES = YES;
				CLANG_WARN_UNREACHABLE_CODE = YES;
				CLANG_WARN__DUPLICATE_METHOD_MATCH = YES;
				"CODE_SIGN_IDENTITY[sdk=iphoneos*]" = "iPhone Developer";
				COPY_PHASE_STRIP = NO;
				DEBUG_INFORMATION_FORMAT = dwarf;
				ENABLE_STRICT_OBJC_MSGSEND = YES;
				ENABLE_TESTABILITY = YES;
				GCC_C_LANGUAGE_STANDARD = gnu99;
				GCC_DYNAMIC_NO_PIC = NO;
				GCC_NO_COMMON_BLOCKS = YES;
				GCC_OPTIMIZATION_LEVEL = 0;
				GCC_PREPROCESSOR_DEFINITIONS = (
					"DEBUG=1",
					"$(inherited)",
				);
				GCC_WARN_64_TO_32_BIT_CONVERSION = YES;
				GCC_WARN_ABOUT_RETURN_TYPE = YES_ERROR;
				GCC_WARN_UNDECLARED_SELECTOR = YES;
				GCC_WARN_UNINITIALIZED_AUTOS = YES_AGGRESSIVE;
				GCC_WARN_UNUSED_FUNCTION = YES;
				GCC_WARN_UNUSED_VARIABLE = YES;
				IPHONEOS_DEPLOYMENT_TARGET = 10.0;
				MTL_ENABLE_DEBUG_INFO = YES;
				ONLY_ACTIVE_ARCH = YES;
				SDKROOT = iphoneos;
				SWIFT_ACTIVE_COMPILATION_CONDITIONS = DEBUG;
				SWIFT_OPTIMIZATION_LEVEL = "-Onone";
				TARGETED_DEVICE_FAMILY = "1,2";
			};
			name = Debug;
		};
		EBFF5DFB1DB436AD00DB7154 /* Release */ = {
			isa = XCBuildConfiguration;
			buildSettings = {
				ALWAYS_SEARCH_USER_PATHS = NO;
				CLANG_ANALYZER_NONNULL = YES;
				CLANG_CXX_LANGUAGE_STANDARD = "gnu++0x";
				CLANG_CXX_LIBRARY = "libc++";
				CLANG_ENABLE_MODULES = YES;
				CLANG_ENABLE_OBJC_ARC = YES;
				CLANG_WARN_BOOL_CONVERSION = YES;
				CLANG_WARN_CONSTANT_CONVERSION = YES;
				CLANG_WARN_DIRECT_OBJC_ISA_USAGE = YES_ERROR;
				CLANG_WARN_DOCUMENTATION_COMMENTS = YES;
				CLANG_WARN_EMPTY_BODY = YES;
				CLANG_WARN_ENUM_CONVERSION = YES;
				CLANG_WARN_INFINITE_RECURSION = YES;
				CLANG_WARN_INT_CONVERSION = YES;
				CLANG_WARN_OBJC_ROOT_CLASS = YES_ERROR;
				CLANG_WARN_SUSPICIOUS_MOVES = YES;
				CLANG_WARN_UNREACHABLE_CODE = YES;
				CLANG_WARN__DUPLICATE_METHOD_MATCH = YES;
				"CODE_SIGN_IDENTITY[sdk=iphoneos*]" = "iPhone Developer";
				COPY_PHASE_STRIP = NO;
				DEBUG_INFORMATION_FORMAT = "dwarf-with-dsym";
				ENABLE_NS_ASSERTIONS = NO;
				ENABLE_STRICT_OBJC_MSGSEND = YES;
				GCC_C_LANGUAGE_STANDARD = gnu99;
				GCC_NO_COMMON_BLOCKS = YES;
				GCC_WARN_64_TO_32_BIT_CONVERSION = YES;
				GCC_WARN_ABOUT_RETURN_TYPE = YES_ERROR;
				GCC_WARN_UNDECLARED_SELECTOR = YES;
				GCC_WARN_UNINITIALIZED_AUTOS = YES_AGGRESSIVE;
				GCC_WARN_UNUSED_FUNCTION = YES;
				GCC_WARN_UNUSED_VARIABLE = YES;
				IPHONEOS_DEPLOYMENT_TARGET = 10.0;
				MTL_ENABLE_DEBUG_INFO = NO;
				SDKROOT = iphoneos;
				SWIFT_OPTIMIZATION_LEVEL = "-Owholemodule";
				TARGETED_DEVICE_FAMILY = "1,2";
				VALIDATE_PRODUCT = YES;
			};
			name = Release;
		};
		EBFF5DFD1DB436AD00DB7154 /* Debug */ = {
			isa = XCBuildConfiguration;
			baseConfigurationReference = D758C9552E161E0A3BD4CBE2 /* Pods-MultiMediaNotes.debug.xcconfig */;
			buildSettings = {
				ASSETCATALOG_COMPILER_APPICON_NAME = AppIcon;
				DEVELOPMENT_TEAM = U6H8QF8EBV;
				GCC_PREPROCESSOR_DEFINITIONS = "$(inherited)";
				INFOPLIST_FILE = MultiMediaNotes/Info.plist;
				IPHONEOS_DEPLOYMENT_TARGET = 8.1;
				LD_RUNPATH_SEARCH_PATHS = "$(inherited) @executable_path/Frameworks";
				OTHER_LDFLAGS = "$(inherited)";
				PRODUCT_BUNDLE_IDENTIFIER = GWang.MultiMediaNotes;
				PRODUCT_NAME = "$(TARGET_NAME)";
				SWIFT_VERSION = 3.0;
				TARGETED_DEVICE_FAMILY = "1,2";
			};
			name = Debug;
		};
		EBFF5DFE1DB436AD00DB7154 /* Release */ = {
			isa = XCBuildConfiguration;
			baseConfigurationReference = 5ECD861E420B01B8D7E90F4F /* Pods-MultiMediaNotes.release.xcconfig */;
			buildSettings = {
				ASSETCATALOG_COMPILER_APPICON_NAME = AppIcon;
				DEVELOPMENT_TEAM = U6H8QF8EBV;
				GCC_PREPROCESSOR_DEFINITIONS = "$(inherited)";
				INFOPLIST_FILE = MultiMediaNotes/Info.plist;
				IPHONEOS_DEPLOYMENT_TARGET = 8.1;
				LD_RUNPATH_SEARCH_PATHS = "$(inherited) @executable_path/Frameworks";
				OTHER_LDFLAGS = "$(inherited)";
				"OTHER_LDFLAGS[arch=*]" = "$(inherited)";
				PRODUCT_BUNDLE_IDENTIFIER = GWang.MultiMediaNotes;
				PRODUCT_NAME = "$(TARGET_NAME)";
				SWIFT_VERSION = 3.0;
				TARGETED_DEVICE_FAMILY = "1,2";
			};
			name = Release;
		};
		EBFF5E001DB436AD00DB7154 /* Debug */ = {
			isa = XCBuildConfiguration;
			baseConfigurationReference = 6796931D1DAB75A8A36DAFDD /* Pods-MultiMediaNotes-MultiMediaNotesTests.debug.xcconfig */;
			buildSettings = {
				ALWAYS_EMBED_SWIFT_STANDARD_LIBRARIES = YES;
				BUNDLE_LOADER = "$(TEST_HOST)";
				DEVELOPMENT_TEAM = U6H8QF8EBV;
				INFOPLIST_FILE = MultiMediaNotesTests/Info.plist;
				LD_RUNPATH_SEARCH_PATHS = "$(inherited) @executable_path/Frameworks @loader_path/Frameworks";
				PRODUCT_BUNDLE_IDENTIFIER = GWang.MultiMediaNotesTests;
				PRODUCT_NAME = "$(TARGET_NAME)";
				SWIFT_VERSION = 3.0;
				TEST_HOST = "$(BUILT_PRODUCTS_DIR)/MultiMediaNotes.app/MultiMediaNotes";
			};
			name = Debug;
		};
		EBFF5E011DB436AD00DB7154 /* Release */ = {
			isa = XCBuildConfiguration;
			baseConfigurationReference = 0F93AC25A0557EFA8396C4B8 /* Pods-MultiMediaNotes-MultiMediaNotesTests.release.xcconfig */;
			buildSettings = {
				ALWAYS_EMBED_SWIFT_STANDARD_LIBRARIES = YES;
				BUNDLE_LOADER = "$(TEST_HOST)";
				DEVELOPMENT_TEAM = U6H8QF8EBV;
				INFOPLIST_FILE = MultiMediaNotesTests/Info.plist;
				LD_RUNPATH_SEARCH_PATHS = "$(inherited) @executable_path/Frameworks @loader_path/Frameworks";
				PRODUCT_BUNDLE_IDENTIFIER = GWang.MultiMediaNotesTests;
				PRODUCT_NAME = "$(TARGET_NAME)";
				SWIFT_VERSION = 3.0;
				TEST_HOST = "$(BUILT_PRODUCTS_DIR)/MultiMediaNotes.app/MultiMediaNotes";
			};
			name = Release;
		};
		EBFF5E031DB436AD00DB7154 /* Debug */ = {
			isa = XCBuildConfiguration;
			baseConfigurationReference = 916D3EB4BFAC20536D11FBA5 /* Pods-MultiMediaNotes-MultiMediaNotesUITests.debug.xcconfig */;
			buildSettings = {
				ALWAYS_EMBED_SWIFT_STANDARD_LIBRARIES = YES;
				DEVELOPMENT_TEAM = U6H8QF8EBV;
				INFOPLIST_FILE = MultiMediaNotesUITests/Info.plist;
				LD_RUNPATH_SEARCH_PATHS = "$(inherited) @executable_path/Frameworks @loader_path/Frameworks";
				PRODUCT_BUNDLE_IDENTIFIER = GWang.MultiMediaNotesUITests;
				PRODUCT_NAME = "$(TARGET_NAME)";
				SWIFT_VERSION = 3.0;
				TEST_TARGET_NAME = MultiMediaNotes;
			};
			name = Debug;
		};
		EBFF5E041DB436AD00DB7154 /* Release */ = {
			isa = XCBuildConfiguration;
			baseConfigurationReference = 258E74D8F77C4B24EA100911 /* Pods-MultiMediaNotes-MultiMediaNotesUITests.release.xcconfig */;
			buildSettings = {
				ALWAYS_EMBED_SWIFT_STANDARD_LIBRARIES = YES;
				DEVELOPMENT_TEAM = U6H8QF8EBV;
				INFOPLIST_FILE = MultiMediaNotesUITests/Info.plist;
				LD_RUNPATH_SEARCH_PATHS = "$(inherited) @executable_path/Frameworks @loader_path/Frameworks";
				PRODUCT_BUNDLE_IDENTIFIER = GWang.MultiMediaNotesUITests;
				PRODUCT_NAME = "$(TARGET_NAME)";
				SWIFT_VERSION = 3.0;
				TEST_TARGET_NAME = MultiMediaNotes;
			};
			name = Release;
		};
/* End XCBuildConfiguration section */

/* Begin XCConfigurationList section */
		EBFF5DCC1DB436AC00DB7154 /* Build configuration list for PBXProject "MultiMediaNotes" */ = {
			isa = XCConfigurationList;
			buildConfigurations = (
				EBFF5DFA1DB436AD00DB7154 /* Debug */,
				EBFF5DFB1DB436AD00DB7154 /* Release */,
			);
			defaultConfigurationIsVisible = 0;
			defaultConfigurationName = Release;
		};
		EBFF5DFC1DB436AD00DB7154 /* Build configuration list for PBXNativeTarget "MultiMediaNotes" */ = {
			isa = XCConfigurationList;
			buildConfigurations = (
				EBFF5DFD1DB436AD00DB7154 /* Debug */,
				EBFF5DFE1DB436AD00DB7154 /* Release */,
			);
			defaultConfigurationIsVisible = 0;
			defaultConfigurationName = Release;
		};
		EBFF5DFF1DB436AD00DB7154 /* Build configuration list for PBXNativeTarget "MultiMediaNotesTests" */ = {
			isa = XCConfigurationList;
			buildConfigurations = (
				EBFF5E001DB436AD00DB7154 /* Debug */,
				EBFF5E011DB436AD00DB7154 /* Release */,
			);
			defaultConfigurationIsVisible = 0;
			defaultConfigurationName = Release;
		};
		EBFF5E021DB436AD00DB7154 /* Build configuration list for PBXNativeTarget "MultiMediaNotesUITests" */ = {
			isa = XCConfigurationList;
			buildConfigurations = (
				EBFF5E031DB436AD00DB7154 /* Debug */,
				EBFF5E041DB436AD00DB7154 /* Release */,
			);
			defaultConfigurationIsVisible = 0;
			defaultConfigurationName = Release;
		};
/* End XCConfigurationList section */

/* Begin XCVersionGroup section */
		EBFF5DDB1DB436AC00DB7154 /* MultiMediaNotes.xcdatamodeld */ = {
			isa = XCVersionGroup;
			children = (
				EBFF5DDC1DB436AC00DB7154 /* MultiMediaNotes.xcdatamodel */,
			);
			currentVersion = EBFF5DDC1DB436AC00DB7154 /* MultiMediaNotes.xcdatamodel */;
			path = MultiMediaNotes.xcdatamodeld;
			sourceTree = "<group>";
			versionGroupType = wrapper.xcdatamodel;
		};
/* End XCVersionGroup section */
	};
	rootObject = EBFF5DC91DB436AC00DB7154 /* Project object */;
}
